PODS:
  - TesseractOCRiOS (5.0.1)

DEPENDENCIES:
  - TesseractOCRiOS

SPEC REPOS:
  https://github.com/cocoapods/specs.git:
    - TesseractOCRiOS

SPEC CHECKSUMS:
  TesseractOCRiOS: 2c189465f86abb030d0c5141c90da9705b647854

PODFILE CHECKSUM: 1dead78265dbb885d8ae3d76ad956b1e2899118b

COCOAPODS: 1.7.1
