// !$*UTF8*$!
{
	archiveVersion = 1;
	classes = {
	};
	objectVersion = 50;
	objects = {

/* Begin PBXBuildFile section */
		7431B9CD21F99A4E009055A3 /* CurrencyListController.swift in Sources */ = {isa = PBXBuildFile; fileRef = 7431B9CC21F99A4E009055A3 /* CurrencyListController.swift */; };
		7431B9D021F99ADA009055A3 /* Currency.swift in Sources */ = {isa = PBXBuildFile; fileRef = 7431B9CF21F99ADA009055A3 /* Currency.swift */; };
		7431B9D321F99BF6009055A3 /* UITableView+Extensions.swift in Sources */ = {isa = PBXBuildFile; fileRef = 7431B9D221F99BF6009055A3 /* UITableView+Extensions.swift */; };
		7431B9D521F99EA8009055A3 /* UITableViewCell+Extension.swift in Sources */ = {isa = PBXBuildFile; fileRef = 7431B9D421F99EA8009055A3 /* UITableViewCell+Extension.swift */; };
		749503FE21F902F9006C426C /* CurrencyCell.swift in Sources */ = {isa = PBXBuildFile; fileRef = 749503FC21F902F9006C426C /* CurrencyCell.swift */; };
		749503FF21F902F9006C426C /* CurrencyCell.xib in Resources */ = {isa = PBXBuildFile; fileRef = 749503FD21F902F9006C426C /* CurrencyCell.xib */; };
		C10F24EF21F784DD00597CE2 /* AppDelegate.swift in Sources */ = {isa = PBXBuildFile; fileRef = C10F24EE21F784DD00597CE2 /* AppDelegate.swift */; };
		C10F24F621F784DE00597CE2 /* Assets.xcassets in Resources */ = {isa = PBXBuildFile; fileRef = C10F24F521F784DE00597CE2 /* Assets.xcassets */; };
		C10F250421F7962D00597CE2 /* InitialVC.swift in Sources */ = {isa = PBXBuildFile; fileRef = C10F250321F7962D00597CE2 /* InitialVC.swift */; };
		C10F250621F7965800597CE2 /* Main.storyboard in Resources */ = {isa = PBXBuildFile; fileRef = C10F250521F7965800597CE2 /* Main.storyboard */; };
		C10F250821F7966E00597CE2 /* LaunchScreen.storyboard in Resources */ = {isa = PBXBuildFile; fileRef = C10F250721F7966E00597CE2 /* LaunchScreen.storyboard */; };
		C1EC661A21F9DB16009E98F9 /* CameraCaptureViewController.swift in Sources */ = {isa = PBXBuildFile; fileRef = C1EC661921F9DB16009E98F9 /* CameraCaptureViewController.swift */; };
		C1EC661D21F9E399009E98F9 /* PreviewView.swift in Sources */ = {isa = PBXBuildFile; fileRef = C1EC661C21F9E399009E98F9 /* PreviewView.swift */; };
		C1EC661F21F9E824009E98F9 /* README.md in Resources */ = {isa = PBXBuildFile; fileRef = C1EC661E21F9E824009E98F9 /* README.md */; };
		C1EC662121F9E83C009E98F9 /* .gitignore in Resources */ = {isa = PBXBuildFile; fileRef = C1EC662021F9E83C009E98F9 /* .gitignore */; };
		C1EC662321F9EBB6009E98F9 /* Camera.storyboard in Resources */ = {isa = PBXBuildFile; fileRef = C1EC662221F9EBB6009E98F9 /* Camera.storyboard */; };
		C7311BD821F8F314001AF62C /* APIManager.swift in Sources */ = {isa = PBXBuildFile; fileRef = C7311BD721F8F314001AF62C /* APIManager.swift */; };
		C7311BDA21F8F55B001AF62C /* ErrorManager.swift in Sources */ = {isa = PBXBuildFile; fileRef = C7311BD921F8F55B001AF62C /* ErrorManager.swift */; };
		C7311BDC21F909B7001AF62C /* APICurrencyManager.swift in Sources */ = {isa = PBXBuildFile; fileRef = C7311BDB21F909B7001AF62C /* APICurrencyManager.swift */; };
		C7311BDE21F90A1E001AF62C /* CurrentCurrency.swift in Sources */ = {isa = PBXBuildFile; fileRef = C7311BDD21F90A1E001AF62C /* CurrentCurrency.swift */; };
/* End PBXBuildFile section */

/* Begin PBXFileReference section */
		7431B9CC21F99A4E009055A3 /* CurrencyListController.swift */ = {isa = PBXFileReference; lastKnownFileType = sourcecode.swift; path = CurrencyListController.swift; sourceTree = "<group>"; };
		7431B9CF21F99ADA009055A3 /* Currency.swift */ = {isa = PBXFileReference; lastKnownFileType = sourcecode.swift; path = Currency.swift; sourceTree = "<group>"; };
		7431B9D221F99BF6009055A3 /* UITableView+Extensions.swift */ = {isa = PBXFileReference; lastKnownFileType = sourcecode.swift; path = "UITableView+Extensions.swift"; sourceTree = "<group>"; };
		7431B9D421F99EA8009055A3 /* UITableViewCell+Extension.swift */ = {isa = PBXFileReference; lastKnownFileType = sourcecode.swift; path = "UITableViewCell+Extension.swift"; sourceTree = "<group>"; };
		749503FC21F902F9006C426C /* CurrencyCell.swift */ = {isa = PBXFileReference; lastKnownFileType = sourcecode.swift; path = CurrencyCell.swift; sourceTree = "<group>"; };
		749503FD21F902F9006C426C /* CurrencyCell.xib */ = {isa = PBXFileReference; lastKnownFileType = file.xib; path = CurrencyCell.xib; sourceTree = "<group>"; };
		C10F24EB21F784DD00597CE2 /* Konvertor.app */ = {isa = PBXFileReference; explicitFileType = wrapper.application; includeInIndex = 0; path = Konvertor.app; sourceTree = BUILT_PRODUCTS_DIR; };
		C10F24EE21F784DD00597CE2 /* AppDelegate.swift */ = {isa = PBXFileReference; lastKnownFileType = sourcecode.swift; path = AppDelegate.swift; sourceTree = "<group>"; };
		C10F24F521F784DE00597CE2 /* Assets.xcassets */ = {isa = PBXFileReference; lastKnownFileType = folder.assetcatalog; path = Assets.xcassets; sourceTree = "<group>"; };
		C10F24FA21F784DE00597CE2 /* Info.plist */ = {isa = PBXFileReference; lastKnownFileType = text.plist.xml; path = Info.plist; sourceTree = "<group>"; };
		C10F250321F7962D00597CE2 /* InitialVC.swift */ = {isa = PBXFileReference; fileEncoding = 4; lastKnownFileType = sourcecode.swift; path = InitialVC.swift; sourceTree = "<group>"; };
		C10F250521F7965800597CE2 /* Main.storyboard */ = {isa = PBXFileReference; fileEncoding = 4; lastKnownFileType = file.storyboard; path = Main.storyboard; sourceTree = "<group>"; };
		C10F250721F7966E00597CE2 /* LaunchScreen.storyboard */ = {isa = PBXFileReference; fileEncoding = 4; lastKnownFileType = file.storyboard; path = LaunchScreen.storyboard; sourceTree = "<group>"; };
		C1EC661921F9DB16009E98F9 /* CameraCaptureViewController.swift */ = {isa = PBXFileReference; lastKnownFileType = sourcecode.swift; path = CameraCaptureViewController.swift; sourceTree = "<group>"; };
		C1EC661C21F9E399009E98F9 /* PreviewView.swift */ = {isa = PBXFileReference; lastKnownFileType = sourcecode.swift; path = PreviewView.swift; sourceTree = "<group>"; };
		C1EC661E21F9E824009E98F9 /* README.md */ = {isa = PBXFileReference; fileEncoding = 4; lastKnownFileType = net.daringfireball.markdown; path = README.md; sourceTree = "<group>"; };
		C1EC662021F9E83C009E98F9 /* .gitignore */ = {isa = PBXFileReference; fileEncoding = 4; lastKnownFileType = text; path = .gitignore; sourceTree = "<group>"; };
		C1EC662221F9EBB6009E98F9 /* Camera.storyboard */ = {isa = PBXFileReference; lastKnownFileType = file.storyboard; path = Camera.storyboard; sourceTree = "<group>"; };
		C7311BD721F8F314001AF62C /* APIManager.swift */ = {isa = PBXFileReference; lastKnownFileType = sourcecode.swift; path = APIManager.swift; sourceTree = "<group>"; };
		C7311BD921F8F55B001AF62C /* ErrorManager.swift */ = {isa = PBXFileReference; lastKnownFileType = sourcecode.swift; path = ErrorManager.swift; sourceTree = "<group>"; };
		C7311BDB21F909B7001AF62C /* APICurrencyManager.swift */ = {isa = PBXFileReference; lastKnownFileType = sourcecode.swift; path = APICurrencyManager.swift; sourceTree = "<group>"; };
		C7311BDD21F90A1E001AF62C /* CurrentCurrency.swift */ = {isa = PBXFileReference; lastKnownFileType = sourcecode.swift; path = CurrentCurrency.swift; sourceTree = "<group>"; };
/* End PBXFileReference section */

/* Begin PBXFrameworksBuildPhase section */
		C10F24E821F784DD00597CE2 /* Frameworks */ = {
			isa = PBXFrameworksBuildPhase;
			buildActionMask = 2147483647;
			files = (
			);
			runOnlyForDeploymentPostprocessing = 0;
		};
/* End PBXFrameworksBuildPhase section */

/* Begin PBXGroup section */
		7431B9CB21F99A34009055A3 /* Controller */ = {
			isa = PBXGroup;
			children = (
				7431B9CC21F99A4E009055A3 /* CurrencyListController.swift */,
			);
			path = Controller;
			sourceTree = "<group>";
		};
		7431B9CE21F99ACA009055A3 /* Model */ = {
			isa = PBXGroup;
			children = (
				7431B9CF21F99ADA009055A3 /* Currency.swift */,
			);
			path = Model;
			sourceTree = "<group>";
		};
		7431B9D121F99BC5009055A3 /* Extensions */ = {
			isa = PBXGroup;
			children = (
				7431B9D221F99BF6009055A3 /* UITableView+Extensions.swift */,
				7431B9D421F99EA8009055A3 /* UITableViewCell+Extension.swift */,
			);
			path = Extensions;
			sourceTree = "<group>";
		};
		7495040021F90300006C426C /* CurrencyCell */ = {
			isa = PBXGroup;
			children = (
				749503FC21F902F9006C426C /* CurrencyCell.swift */,
				749503FD21F902F9006C426C /* CurrencyCell.xib */,
			);
			path = CurrencyCell;
			sourceTree = "<group>";
		};
		C10F24E221F784DD00597CE2 = {
			isa = PBXGroup;
			children = (
				C10F24ED21F784DD00597CE2 /* Konvertor */,
				C10F24EC21F784DD00597CE2 /* Products */,
				C1EC662021F9E83C009E98F9 /* .gitignore */,
				C1EC661E21F9E824009E98F9 /* README.md */,
			);
			sourceTree = "<group>";
		};
		C10F24EC21F784DD00597CE2 /* Products */ = {
			isa = PBXGroup;
			children = (
				C10F24EB21F784DD00597CE2 /* Konvertor.app */,
			);
			name = Products;
			sourceTree = "<group>";
		};
		C10F24ED21F784DD00597CE2 /* Konvertor */ = {
			isa = PBXGroup;
			children = (
				7431B9D121F99BC5009055A3 /* Extensions */,
				7431B9CE21F99ACA009055A3 /* Model */,
				7431B9CB21F99A34009055A3 /* Controller */,
				C10F250221F795A500597CE2 /* View */,
				C10F250121F7959100597CE2 /* Resources */,
				C10F250021F7956600597CE2 /* SupportingFiles */,
			);
			path = Konvertor;
			sourceTree = "<group>";
		};
		C10F250021F7956600597CE2 /* SupportingFiles */ = {
			isa = PBXGroup;
			children = (
				C10F24EE21F784DD00597CE2 /* AppDelegate.swift */,
				C10F24FA21F784DE00597CE2 /* Info.plist */,
				C10F250721F7966E00597CE2 /* LaunchScreen.storyboard */,
			);
			path = SupportingFiles;
			sourceTree = "<group>";
		};
		C10F250121F7959100597CE2 /* Resources */ = {
			isa = PBXGroup;
			children = (
				C10F24F521F784DE00597CE2 /* Assets.xcassets */,
			);
			path = Resources;
			sourceTree = "<group>";
		};
		C10F250221F795A500597CE2 /* View */ = {
			isa = PBXGroup;
			children = (
				C1EC661B21F9E36C009E98F9 /* CameraCapture */,
				C10F250321F7962D00597CE2 /* InitialVC.swift */,
				C10F250521F7965800597CE2 /* Main.storyboard */,
				C7311BD721F8F314001AF62C /* APIManager.swift */,
				C7311BDB21F909B7001AF62C /* APICurrencyManager.swift */,
				C7311BD921F8F55B001AF62C /* ErrorManager.swift */,
				C7311BDD21F90A1E001AF62C /* CurrentCurrency.swift */,
				7495040021F90300006C426C /* CurrencyCell */,
			);
			path = View;
			sourceTree = "<group>";
		};
		C1EC661B21F9E36C009E98F9 /* CameraCapture */ = {
			isa = PBXGroup;
			children = (
				C1EC661921F9DB16009E98F9 /* CameraCaptureViewController.swift */,
				C1EC661C21F9E399009E98F9 /* PreviewView.swift */,
				C1EC662221F9EBB6009E98F9 /* Camera.storyboard */,
			);
			path = CameraCapture;
			sourceTree = "<group>";
		};
/* End PBXGroup section */

/* Begin PBXNativeTarget section */
		C10F24EA21F784DD00597CE2 /* Konvertor */ = {
			isa = PBXNativeTarget;
			buildConfigurationList = C10F24FD21F784DE00597CE2 /* Build configuration list for PBXNativeTarget "Konvertor" */;
			buildPhases = (
				C10F24E721F784DD00597CE2 /* Sources */,
				C10F24E821F784DD00597CE2 /* Frameworks */,
				C10F24E921F784DD00597CE2 /* Resources */,
			);
			buildRules = (
			);
			dependencies = (
			);
			name = Konvertor;
			productName = Konvertor;
			productReference = C10F24EB21F784DD00597CE2 /* Konvertor.app */;
			productType = "com.apple.product-type.application";
		};
/* End PBXNativeTarget section */

/* Begin PBXProject section */
		C10F24E321F784DD00597CE2 /* Project object */ = {
			isa = PBXProject;
			attributes = {
				LastSwiftUpdateCheck = 1010;
				LastUpgradeCheck = 1010;
				ORGANIZATIONNAME = Perchiki;
				TargetAttributes = {
					C10F24EA21F784DD00597CE2 = {
						CreatedOnToolsVersion = 10.1;
					};
				};
			};
			buildConfigurationList = C10F24E621F784DD00597CE2 /* Build configuration list for PBXProject "Konvertor" */;
			compatibilityVersion = "Xcode 9.3";
			developmentRegion = en;
			hasScannedForEncodings = 0;
			knownRegions = (
				en,
				Base,
			);
			mainGroup = C10F24E221F784DD00597CE2;
			productRefGroup = C10F24EC21F784DD00597CE2 /* Products */;
			projectDirPath = "";
			projectRoot = "";
			targets = (
				C10F24EA21F784DD00597CE2 /* Konvertor */,
			);
		};
/* End PBXProject section */

/* Begin PBXResourcesBuildPhase section */
		C10F24E921F784DD00597CE2 /* Resources */ = {
			isa = PBXResourcesBuildPhase;
			buildActionMask = 2147483647;
			files = (
				749503FF21F902F9006C426C /* CurrencyCell.xib in Resources */,
				C1EC662321F9EBB6009E98F9 /* Camera.storyboard in Resources */,
				C10F250821F7966E00597CE2 /* LaunchScreen.storyboard in Resources */,
				C1EC661F21F9E824009E98F9 /* README.md in Resources */,
				C10F250621F7965800597CE2 /* Main.storyboard in Resources */,
				C1EC662121F9E83C009E98F9 /* .gitignore in Resources */,
				C10F24F621F784DE00597CE2 /* Assets.xcassets in Resources */,
			);
			runOnlyForDeploymentPostprocessing = 0;
		};
/* End PBXResourcesBuildPhase section */

/* Begin PBXSourcesBuildPhase section */
		C10F24E721F784DD00597CE2 /* Sources */ = {
			isa = PBXSourcesBuildPhase;
			buildActionMask = 2147483647;
			files = (
				7431B9D521F99EA8009055A3 /* UITableViewCell+Extension.swift in Sources */,
				749503FE21F902F9006C426C /* CurrencyCell.swift in Sources */,
				C1EC661A21F9DB16009E98F9 /* CameraCaptureViewController.swift in Sources */,
				7431B9D021F99ADA009055A3 /* Currency.swift in Sources */,
				C10F250421F7962D00597CE2 /* InitialVC.swift in Sources */,
				7431B9D321F99BF6009055A3 /* UITableView+Extensions.swift in Sources */,
				7431B9CD21F99A4E009055A3 /* CurrencyListController.swift in Sources */,
				C7311BD821F8F314001AF62C /* APIManager.swift in Sources */,
				C10F250421F7962D00597CE2 /* InitialVC.swift in Sources */,
				C1EC661D21F9E399009E98F9 /* PreviewView.swift in Sources */,
				C7311BDE21F90A1E001AF62C /* CurrentCurrency.swift in Sources */,
				C7311BDA21F8F55B001AF62C /* ErrorManager.swift in Sources */,
				C7311BDC21F909B7001AF62C /* APICurrencyManager.swift in Sources */,
				C10F24EF21F784DD00597CE2 /* AppDelegate.swift in Sources */,
			);
			runOnlyForDeploymentPostprocessing = 0;
		};
/* End PBXSourcesBuildPhase section */

/* Begin XCBuildConfiguration section */
		C10F24FB21F784DE00597CE2 /* Debug */ = {
			isa = XCBuildConfiguration;
			buildSettings = {
				ALWAYS_SEARCH_USER_PATHS = NO;
				CLANG_ANALYZER_NONNULL = YES;
				CLANG_ANALYZER_NUMBER_OBJECT_CONVERSION = YES_AGGRESSIVE;
				CLANG_CXX_LANGUAGE_STANDARD = "gnu++14";
				CLANG_CXX_LIBRARY = "libc++";
				CLANG_ENABLE_MODULES = YES;
				CLANG_ENABLE_OBJC_ARC = YES;
				CLANG_ENABLE_OBJC_WEAK = YES;
				CLANG_WARN_BLOCK_CAPTURE_AUTORELEASING = YES;
				CLANG_WARN_BOOL_CONVERSION = YES;
				CLANG_WARN_COMMA = YES;
				CLANG_WARN_CONSTANT_CONVERSION = YES;
				CLANG_WARN_DEPRECATED_OBJC_IMPLEMENTATIONS = YES;
				CLANG_WARN_DIRECT_OBJC_ISA_USAGE = YES_ERROR;
				CLANG_WARN_DOCUMENTATION_COMMENTS = YES;
				CLANG_WARN_EMPTY_BODY = YES;
				CLANG_WARN_ENUM_CONVERSION = YES;
				CLANG_WARN_INFINITE_RECURSION = YES;
				CLANG_WARN_INT_CONVERSION = YES;
				CLANG_WARN_NON_LITERAL_NULL_CONVERSION = YES;
				CLANG_WARN_OBJC_IMPLICIT_RETAIN_SELF = YES;
				CLANG_WARN_OBJC_LITERAL_CONVERSION = YES;
				CLANG_WARN_OBJC_ROOT_CLASS = YES_ERROR;
				CLANG_WARN_RANGE_LOOP_ANALYSIS = YES;
				CLANG_WARN_STRICT_PROTOTYPES = YES;
				CLANG_WARN_SUSPICIOUS_MOVE = YES;
				CLANG_WARN_UNGUARDED_AVAILABILITY = YES_AGGRESSIVE;
				CLANG_WARN_UNREACHABLE_CODE = YES;
				CLANG_WARN__DUPLICATE_METHOD_MATCH = YES;
				CODE_SIGN_IDENTITY = "iPhone Developer";
				COPY_PHASE_STRIP = NO;
				DEBUG_INFORMATION_FORMAT = dwarf;
				ENABLE_STRICT_OBJC_MSGSEND = YES;
				ENABLE_TESTABILITY = YES;
				GCC_C_LANGUAGE_STANDARD = gnu11;
				GCC_DYNAMIC_NO_PIC = NO;
				GCC_NO_COMMON_BLOCKS = YES;
				GCC_OPTIMIZATION_LEVEL = 0;
				GCC_PREPROCESSOR_DEFINITIONS = (
					"DEBUG=1",
					"$(inherited)",
				);
				GCC_WARN_64_TO_32_BIT_CONVERSION = YES;
				GCC_WARN_ABOUT_RETURN_TYPE = YES_ERROR;
				GCC_WARN_UNDECLARED_SELECTOR = YES;
				GCC_WARN_UNINITIALIZED_AUTOS = YES_AGGRESSIVE;
				GCC_WARN_UNUSED_FUNCTION = YES;
				GCC_WARN_UNUSED_VARIABLE = YES;
				IPHONEOS_DEPLOYMENT_TARGET = 12.1;
				MTL_ENABLE_DEBUG_INFO = INCLUDE_SOURCE;
				MTL_FAST_MATH = YES;
				ONLY_ACTIVE_ARCH = YES;
				SDKROOT = iphoneos;
				SWIFT_ACTIVE_COMPILATION_CONDITIONS = DEBUG;
				SWIFT_OPTIMIZATION_LEVEL = "-Onone";
			};
			name = Debug;
		};
		C10F24FC21F784DE00597CE2 /* Release */ = {
			isa = XCBuildConfiguration;
			buildSettings = {
				ALWAYS_SEARCH_USER_PATHS = NO;
				CLANG_ANALYZER_NONNULL = YES;
				CLANG_ANALYZER_NUMBER_OBJECT_CONVERSION = YES_AGGRESSIVE;
				CLANG_CXX_LANGUAGE_STANDARD = "gnu++14";
				CLANG_CXX_LIBRARY = "libc++";
				CLANG_ENABLE_MODULES = YES;
				CLANG_ENABLE_OBJC_ARC = YES;
				CLANG_ENABLE_OBJC_WEAK = YES;
				CLANG_WARN_BLOCK_CAPTURE_AUTORELEASING = YES;
				CLANG_WARN_BOOL_CONVERSION = YES;
				CLANG_WARN_COMMA = YES;
				CLANG_WARN_CONSTANT_CONVERSION = YES;
				CLANG_WARN_DEPRECATED_OBJC_IMPLEMENTATIONS = YES;
				CLANG_WARN_DIRECT_OBJC_ISA_USAGE = YES_ERROR;
				CLANG_WARN_DOCUMENTATION_COMMENTS = YES;
				CLANG_WARN_EMPTY_BODY = YES;
				CLANG_WARN_ENUM_CONVERSION = YES;
				CLANG_WARN_INFINITE_RECURSION = YES;
				CLANG_WARN_INT_CONVERSION = YES;
				CLANG_WARN_NON_LITERAL_NULL_CONVERSION = YES;
				CLANG_WARN_OBJC_IMPLICIT_RETAIN_SELF = YES;
				CLANG_WARN_OBJC_LITERAL_CONVERSION = YES;
				CLANG_WARN_OBJC_ROOT_CLASS = YES_ERROR;
				CLANG_WARN_RANGE_LOOP_ANALYSIS = YES;
				CLANG_WARN_STRICT_PROTOTYPES = YES;
				CLANG_WARN_SUSPICIOUS_MOVE = YES;
				CLANG_WARN_UNGUARDED_AVAILABILITY = YES_AGGRESSIVE;
				CLANG_WARN_UNREACHABLE_CODE = YES;
				CLANG_WARN__DUPLICATE_METHOD_MATCH = YES;
				CODE_SIGN_IDENTITY = "iPhone Developer";
				COPY_PHASE_STRIP = NO;
				DEBUG_INFORMATION_FORMAT = "dwarf-with-dsym";
				ENABLE_NS_ASSERTIONS = NO;
				ENABLE_STRICT_OBJC_MSGSEND = YES;
				GCC_C_LANGUAGE_STANDARD = gnu11;
				GCC_NO_COMMON_BLOCKS = YES;
				GCC_WARN_64_TO_32_BIT_CONVERSION = YES;
				GCC_WARN_ABOUT_RETURN_TYPE = YES_ERROR;
				GCC_WARN_UNDECLARED_SELECTOR = YES;
				GCC_WARN_UNINITIALIZED_AUTOS = YES_AGGRESSIVE;
				GCC_WARN_UNUSED_FUNCTION = YES;
				GCC_WARN_UNUSED_VARIABLE = YES;
				IPHONEOS_DEPLOYMENT_TARGET = 12.1;
				MTL_ENABLE_DEBUG_INFO = NO;
				MTL_FAST_MATH = YES;
				SDKROOT = iphoneos;
				SWIFT_COMPILATION_MODE = wholemodule;
				SWIFT_OPTIMIZATION_LEVEL = "-O";
				VALIDATE_PRODUCT = YES;
			};
			name = Release;
		};
		C10F24FE21F784DE00597CE2 /* Debug */ = {
			isa = XCBuildConfiguration;
			buildSettings = {
				ASSETCATALOG_COMPILER_APPICON_NAME = AppIcon;
				CODE_SIGN_STYLE = Automatic;
				INFOPLIST_FILE = "$(SRCROOT)/Konvertor/SupportingFiles/Info.plist";
				LD_RUNPATH_SEARCH_PATHS = (
					"$(inherited)",
					"@executable_path/Frameworks",
				);
				PRODUCT_BUNDLE_IDENTIFIER = com.ucu.ios.Konvertor;
				PRODUCT_NAME = "$(TARGET_NAME)";
				SWIFT_VERSION = 4.2;
				TARGETED_DEVICE_FAMILY = "1,2";
			};
			name = Debug;
		};
		C10F24FF21F784DE00597CE2 /* Release */ = {
			isa = XCBuildConfiguration;
			buildSettings = {
				ASSETCATALOG_COMPILER_APPICON_NAME = AppIcon;
				CODE_SIGN_STYLE = Automatic;
				INFOPLIST_FILE = "$(SRCROOT)/Konvertor/SupportingFiles/Info.plist";
				LD_RUNPATH_SEARCH_PATHS = (
					"$(inherited)",
					"@executable_path/Frameworks",
				);
				PRODUCT_BUNDLE_IDENTIFIER = com.ucu.ios.Konvertor;
				PRODUCT_NAME = "$(TARGET_NAME)";
				SWIFT_VERSION = 4.2;
				TARGETED_DEVICE_FAMILY = "1,2";
			};
			name = Release;
		};
/* End XCBuildConfiguration section */

/* Begin XCConfigurationList section */
		C10F24E621F784DD00597CE2 /* Build configuration list for PBXProject "Konvertor" */ = {
			isa = XCConfigurationList;
			buildConfigurations = (
				C10F24FB21F784DE00597CE2 /* Debug */,
				C10F24FC21F784DE00597CE2 /* Release */,
			);
			defaultConfigurationIsVisible = 0;
			defaultConfigurationName = Release;
		};
		C10F24FD21F784DE00597CE2 /* Build configuration list for PBXNativeTarget "Konvertor" */ = {
			isa = XCConfigurationList;
			buildConfigurations = (
				C10F24FE21F784DE00597CE2 /* Debug */,
				C10F24FF21F784DE00597CE2 /* Release */,
			);
			defaultConfigurationIsVisible = 0;
			defaultConfigurationName = Release;
		};
/* End XCConfigurationList section */
	};
	rootObject = C10F24E321F784DD00597CE2 /* Project object */;
}
